
Microsoft Visual Studio Solution File, Format Version 12.00
# Visual Studio Version 17
VisualStudioVersion = 17.0.31903.59
MinimumVisualStudioVersion = 10.0.40219.1
Project("{FAE04EC0-301F-11D3-BF4B-00C04F79EFBC}") = "LetterChartApp", "LetterChartApp\LetterChartApp.csproj", "{18EC4FB4-66F6-43B1-8DFB-957B6A6E1318}"
EndProject
Project("{FAE04EC0-301F-11D3-BF4B-00C04F79EFBC}") = "LetterChartCore", "LetterChartCore\LetterChartCore.csproj", "{C6BC345F-52AD-424B-BAE6-C0B4D7C25231}"
EndProject
Project("{FAE04EC0-301F-11D3-BF4B-00C04F79EFBC}") = "LetterChartCore.Tests", "LetterChartCore.Tests\LetterChartCore.Tests.csproj", "{9A4F00EF-6C10-42A3-B531-A26118A81121}"
EndProject
Global
	GlobalSection(SolutionConfigurationPlatforms) = preSolution
		Debug|Any CPU = Debug|Any CPU
		Release|Any CPU = Release|Any CPU
	EndGlobalSection
	GlobalSection(SolutionProperties) = preSolution
		HideSolutionNode = FALSE
	EndGlobalSection
	GlobalSection(ProjectConfigurationPlatforms) = postSolution
		{18EC4FB4-66F6-43B1-8DFB-957B6A6E1318}.Debug|Any CPU.ActiveCfg = Debug|Any CPU
		{18EC4FB4-66F6-43B1-8DFB-957B6A6E1318}.Debug|Any CPU.Build.0 = Debug|Any CPU
		{18EC4FB4-66F6-43B1-8DFB-957B6A6E1318}.Release|Any CPU.ActiveCfg = Release|Any CPU
		{18EC4FB4-66F6-43B1-8DFB-957B6A6E1318}.Release|Any CPU.Build.0 = Release|Any CPU
		{C6BC345F-52AD-424B-BAE6-C0B4D7C25231}.Debug|Any CPU.ActiveCfg = Debug|Any CPU
		{C6BC345F-52AD-424B-BAE6-C0B4D7C25231}.Debug|Any CPU.Build.0 = Debug|Any CPU
		{C6BC345F-52AD-424B-BAE6-C0B4D7C25231}.Release|Any CPU.ActiveCfg = Release|Any CPU
		{C6BC345F-52AD-424B-BAE6-C0B4D7C25231}.Release|Any CPU.Build.0 = Release|Any CPU
		{9A4F00EF-6C10-42A3-B531-A26118A81121}.Debug|Any CPU.ActiveCfg = Debug|Any CPU
		{9A4F00EF-6C10-42A3-B531-A26118A81121}.Debug|Any CPU.Build.0 = Debug|Any CPU
		{9A4F00EF-6C10-42A3-B531-A26118A81121}.Release|Any CPU.ActiveCfg = Release|Any CPU
		{9A4F00EF-6C10-42A3-B531-A26118A81121}.Release|Any CPU.Build.0 = Release|Any CPU
	EndGlobalSection
EndGlobal
